{
  "name": "unitest",
  "version": "0.12.0",
  "dependencies": {
    "electron-prebuilt": {
      "version": "1.3.5",
      "from": "electron-prebuilt@>=1.0.0 <2.0.0",
      "dependencies": {
        "electron-download": {
          "version": "2.1.2",
          "from": "electron-download@>=2.0.0 <3.0.0"
        }
      }
    }
  }
}
